
Microsoft Visual Studio Solution File, Format Version 10.00
# Visual C# Express 2008
Project("{FAE04EC0-301F-11D3-BF4B-00C04F79EFBC}") = "Tシャツ用", "Tシャツ用\Tシャツ用.csproj", "{F963D364-FA80-4461-BE44-D38E0FBE01FD}"
EndProject
Global
	GlobalSection(SolutionConfigurationPlatforms) = preSolution
		Debug|Any CPU = Debug|Any CPU
		Release|Any CPU = Release|Any CPU
	EndGlobalSection
	GlobalSection(ProjectConfigurationPlatforms) = postSolution
		{F963D364-FA80-4461-BE44-D38E0FBE01FD}.Debug|Any CPU.ActiveCfg = Debug|Any CPU
		{F963D364-FA80-4461-BE44-D38E0FBE01FD}.Debug|Any CPU.Build.0 = Debug|Any CPU
		{F963D364-FA80-4461-BE44-D38E0FBE01FD}.Release|Any CPU.ActiveCfg = Release|Any CPU
		{F963D364-FA80-4461-BE44-D38E0FBE01FD}.Release|Any CPU.Build.0 = Release|Any CPU
	EndGlobalSection
	GlobalSection(SolutionProperties) = preSolution
		HideSolutionNode = FALSE
	EndGlobalSection
EndGlobal
